
Microsoft Visual Studio Solution File, Format Version 12.00
# Visual Studio 14
VisualStudioVersion = 14.0.25123.0
MinimumVisualStudioVersion = 10.0.40219.1
Project("{FAE04EC0-301F-11D3-BF4B-00C04F79EFBC}") = "NetflixComplete.DroidTV", "NetflixComplete\NetflixComplete.DroidTV.csproj", "{A96F1163-0D6E-4168-9755-2BA1262E1C99}"
EndProject
Project("{FAE04EC0-301F-11D3-BF4B-00C04F79EFBC}") = "PicassoDroid", "..\TvLeanback\Picasso\Picasso\PicassoDroid.csproj", "{C67ED37F-64BF-4E99-8F99-1CDB16646C17}"
EndProject
Project("{FAE04EC0-301F-11D3-BF4B-00C04F79EFBC}") = "NetflixComplete.Portable", "NetflixComplete.Portable\NetflixComplete.Portable.csproj", "{E3F16C05-2D32-4A25-BB01-97DB440A7326}"
EndProject
Project("{FAE04EC0-301F-11D3-BF4B-00C04F79EFBC}") = "NetflixComplete.Droid", "NetflixComplete.Droid\NetflixComplete.Droid.csproj", "{C9468A5A-8353-4411-AD76-53ED84614BED}"
EndProject
Project("{FAE04EC0-301F-11D3-BF4B-00C04F79EFBC}") = "NetflixComplete.WindowsUniversal", "NetflixComplete.WindowsUniversal\NetflixComplete.WindowsUniversal.csproj", "{55E409DC-84C0-4AB5-8E92-E644F5CAB85B}"
EndProject
Project("{FAE04EC0-301F-11D3-BF4B-00C04F79EFBC}") = "ConsoleTest", "ConsoleTest\ConsoleTest.csproj", "{B6BE5D85-AD0B-4F19-AEBB-8091C6104978}"
EndProject
Project("{FAE04EC0-301F-11D3-BF4B-00C04F79EFBC}") = "NetflixComplete.WebApi", "NetflixComplete.WebApi\NetflixComplete.WebApi.csproj", "{2E2AD89F-7C14-43EC-A40D-9C1BE0D5586E}"
EndProject
Global
	GlobalSection(SolutionConfigurationPlatforms) = preSolution
		Ad-Hoc|Any CPU = Ad-Hoc|Any CPU
		Ad-Hoc|ARM = Ad-Hoc|ARM
		Ad-Hoc|iPhone = Ad-Hoc|iPhone
		Ad-Hoc|iPhoneSimulator = Ad-Hoc|iPhoneSimulator
		Ad-Hoc|x64 = Ad-Hoc|x64
		Ad-Hoc|x86 = Ad-Hoc|x86
		AppStore|Any CPU = AppStore|Any CPU
		AppStore|ARM = AppStore|ARM
		AppStore|iPhone = AppStore|iPhone
		AppStore|iPhoneSimulator = AppStore|iPhoneSimulator
		AppStore|x64 = AppStore|x64
		AppStore|x86 = AppStore|x86
		Debug|Any CPU = Debug|Any CPU
		Debug|ARM = Debug|ARM
		Debug|iPhone = Debug|iPhone
		Debug|iPhoneSimulator = Debug|iPhoneSimulator
		Debug|x64 = Debug|x64
		Debug|x86 = Debug|x86
		Release|Any CPU = Release|Any CPU
		Release|ARM = Release|ARM
		Release|iPhone = Release|iPhone
		Release|iPhoneSimulator = Release|iPhoneSimulator
		Release|x64 = Release|x64
		Release|x86 = Release|x86
	EndGlobalSection
	GlobalSection(ProjectConfigurationPlatforms) = postSolution
		{A96F1163-0D6E-4168-9755-2BA1262E1C99}.Ad-Hoc|Any CPU.ActiveCfg = Release|Any CPU
		{A96F1163-0D6E-4168-9755-2BA1262E1C99}.Ad-Hoc|Any CPU.Build.0 = Release|Any CPU
		{A96F1163-0D6E-4168-9755-2BA1262E1C99}.Ad-Hoc|Any CPU.Deploy.0 = Release|Any CPU
		{A96F1163-0D6E-4168-9755-2BA1262E1C99}.Ad-Hoc|ARM.ActiveCfg = Release|Any CPU
		{A96F1163-0D6E-4168-9755-2BA1262E1C99}.Ad-Hoc|ARM.Build.0 = Release|Any CPU
		{A96F1163-0D6E-4168-9755-2BA1262E1C99}.Ad-Hoc|ARM.Deploy.0 = Release|Any CPU
		{A96F1163-0D6E-4168-9755-2BA1262E1C99}.Ad-Hoc|iPhone.ActiveCfg = Release|Any CPU
		{A96F1163-0D6E-4168-9755-2BA1262E1C99}.Ad-Hoc|iPhone.Build.0 = Release|Any CPU
		{A96F1163-0D6E-4168-9755-2BA1262E1C99}.Ad-Hoc|iPhone.Deploy.0 = Release|Any CPU
		{A96F1163-0D6E-4168-9755-2BA1262E1C99}.Ad-Hoc|iPhoneSimulator.ActiveCfg = Release|Any CPU
		{A96F1163-0D6E-4168-9755-2BA1262E1C99}.Ad-Hoc|iPhoneSimulator.Build.0 = Release|Any CPU
		{A96F1163-0D6E-4168-9755-2BA1262E1C99}.Ad-Hoc|iPhoneSimulator.Deploy.0 = Release|Any CPU
		{A96F1163-0D6E-4168-9755-2BA1262E1C99}.Ad-Hoc|x64.ActiveCfg = Release|Any CPU
		{A96F1163-0D6E-4168-9755-2BA1262E1C99}.Ad-Hoc|x64.Build.0 = Release|Any CPU
		{A96F1163-0D6E-4168-9755-2BA1262E1C99}.Ad-Hoc|x64.Deploy.0 = Release|Any CPU
		{A96F1163-0D6E-4168-9755-2BA1262E1C99}.Ad-Hoc|x86.ActiveCfg = Release|Any CPU
		{A96F1163-0D6E-4168-9755-2BA1262E1C99}.Ad-Hoc|x86.Build.0 = Release|Any CPU
		{A96F1163-0D6E-4168-9755-2BA1262E1C99}.Ad-Hoc|x86.Deploy.0 = Release|Any CPU
		{A96F1163-0D6E-4168-9755-2BA1262E1C99}.AppStore|Any CPU.ActiveCfg = Release|Any CPU
		{A96F1163-0D6E-4168-9755-2BA1262E1C99}.AppStore|Any CPU.Build.0 = Release|Any CPU
		{A96F1163-0D6E-4168-9755-2BA1262E1C99}.AppStore|Any CPU.Deploy.0 = Release|Any CPU
		{A96F1163-0D6E-4168-9755-2BA1262E1C99}.AppStore|ARM.ActiveCfg = Release|Any CPU
		{A96F1163-0D6E-4168-9755-2BA1262E1C99}.AppStore|ARM.Build.0 = Release|Any CPU
		{A96F1163-0D6E-4168-9755-2BA1262E1C99}.AppStore|ARM.Deploy.0 = Release|Any CPU
		{A96F1163-0D6E-4168-9755-2BA1262E1C99}.AppStore|iPhone.ActiveCfg = Release|Any CPU
		{A96F1163-0D6E-4168-9755-2BA1262E1C99}.AppStore|iPhone.Build.0 = Release|Any CPU
		{A96F1163-0D6E-4168-9755-2BA1262E1C99}.AppStore|iPhone.Deploy.0 = Release|Any CPU
		{A96F1163-0D6E-4168-9755-2BA1262E1C99}.AppStore|iPhoneSimulator.ActiveCfg = Release|Any CPU
		{A96F1163-0D6E-4168-9755-2BA1262E1C99}.AppStore|iPhoneSimulator.Build.0 = Release|Any CPU
		{A96F1163-0D6E-4168-9755-2BA1262E1C99}.AppStore|iPhoneSimulator.Deploy.0 = Release|Any CPU
		{A96F1163-0D6E-4168-9755-2BA1262E1C99}.AppStore|x64.ActiveCfg = Release|Any CPU
		{A96F1163-0D6E-4168-9755-2BA1262E1C99}.AppStore|x64.Build.0 = Release|Any CPU
		{A96F1163-0D6E-4168-9755-2BA1262E1C99}.AppStore|x64.Deploy.0 = Release|Any CPU
		{A96F1163-0D6E-4168-9755-2BA1262E1C99}.AppStore|x86.ActiveCfg = Release|Any CPU
		{A96F1163-0D6E-4168-9755-2BA1262E1C99}.AppStore|x86.Build.0 = Release|Any CPU
		{A96F1163-0D6E-4168-9755-2BA1262E1C99}.AppStore|x86.Deploy.0 = Release|Any CPU
		{A96F1163-0D6E-4168-9755-2BA1262E1C99}.Debug|Any CPU.ActiveCfg = Debug|Any CPU
		{A96F1163-0D6E-4168-9755-2BA1262E1C99}.Debug|Any CPU.Build.0 = Debug|Any CPU
		{A96F1163-0D6E-4168-9755-2BA1262E1C99}.Debug|Any CPU.Deploy.0 = Debug|Any CPU
		{A96F1163-0D6E-4168-9755-2BA1262E1C99}.Debug|ARM.ActiveCfg = Debug|Any CPU
		{A96F1163-0D6E-4168-9755-2BA1262E1C99}.Debug|ARM.Build.0 = Debug|Any CPU
		{A96F1163-0D6E-4168-9755-2BA1262E1C99}.Debug|ARM.Deploy.0 = Debug|Any CPU
		{A96F1163-0D6E-4168-9755-2BA1262E1C99}.Debug|iPhone.ActiveCfg = Debug|Any CPU
		{A96F1163-0D6E-4168-9755-2BA1262E1C99}.Debug|iPhone.Build.0 = Debug|Any CPU
		{A96F1163-0D6E-4168-9755-2BA1262E1C99}.Debug|iPhone.Deploy.0 = Debug|Any CPU
		{A96F1163-0D6E-4168-9755-2BA1262E1C99}.Debug|iPhoneSimulator.ActiveCfg = Debug|Any CPU
		{A96F1163-0D6E-4168-9755-2BA1262E1C99}.Debug|iPhoneSimulator.Build.0 = Debug|Any CPU
		{A96F1163-0D6E-4168-9755-2BA1262E1C99}.Debug|iPhoneSimulator.Deploy.0 = Debug|Any CPU
		{A96F1163-0D6E-4168-9755-2BA1262E1C99}.Debug|x64.ActiveCfg = Debug|Any CPU
		{A96F1163-0D6E-4168-9755-2BA1262E1C99}.Debug|x64.Build.0 = Debug|Any CPU
		{A96F1163-0D6E-4168-9755-2BA1262E1C99}.Debug|x64.Deploy.0 = Debug|Any CPU
		{A96F1163-0D6E-4168-9755-2BA1262E1C99}.Debug|x86.ActiveCfg = Debug|Any CPU
		{A96F1163-0D6E-4168-9755-2BA1262E1C99}.Debug|x86.Build.0 = Debug|Any CPU
		{A96F1163-0D6E-4168-9755-2BA1262E1C99}.Debug|x86.Deploy.0 = Debug|Any CPU
		{A96F1163-0D6E-4168-9755-2BA1262E1C99}.Release|Any CPU.ActiveCfg = Release|Any CPU
		{A96F1163-0D6E-4168-9755-2BA1262E1C99}.Release|Any CPU.Build.0 = Release|Any CPU
		{A96F1163-0D6E-4168-9755-2BA1262E1C99}.Release|Any CPU.Deploy.0 = Release|Any CPU
		{A96F1163-0D6E-4168-9755-2BA1262E1C99}.Release|ARM.ActiveCfg = Release|Any CPU
		{A96F1163-0D6E-4168-9755-2BA1262E1C99}.Release|ARM.Build.0 = Release|Any CPU
		{A96F1163-0D6E-4168-9755-2BA1262E1C99}.Release|ARM.Deploy.0 = Release|Any CPU
		{A96F1163-0D6E-4168-9755-2BA1262E1C99}.Release|iPhone.ActiveCfg = Release|Any CPU
		{A96F1163-0D6E-4168-9755-2BA1262E1C99}.Release|iPhone.Build.0 = Release|Any CPU
		{A96F1163-0D6E-4168-9755-2BA1262E1C99}.Release|iPhone.Deploy.0 = Release|Any CPU
		{A96F1163-0D6E-4168-9755-2BA1262E1C99}.Release|iPhoneSimulator.ActiveCfg = Release|Any CPU
		{A96F1163-0D6E-4168-9755-2BA1262E1C99}.Release|iPhoneSimulator.Build.0 = Release|Any CPU
		{A96F1163-0D6E-4168-9755-2BA1262E1C99}.Release|iPhoneSimulator.Deploy.0 = Release|Any CPU
		{A96F1163-0D6E-4168-9755-2BA1262E1C99}.Release|x64.ActiveCfg = Release|Any CPU
		{A96F1163-0D6E-4168-9755-2BA1262E1C99}.Release|x64.Build.0 = Release|Any CPU
		{A96F1163-0D6E-4168-9755-2BA1262E1C99}.Release|x64.Deploy.0 = Release|Any CPU
		{A96F1163-0D6E-4168-9755-2BA1262E1C99}.Release|x86.ActiveCfg = Release|Any CPU
		{A96F1163-0D6E-4168-9755-2BA1262E1C99}.Release|x86.Build.0 = Release|Any CPU
		{A96F1163-0D6E-4168-9755-2BA1262E1C99}.Release|x86.Deploy.0 = Release|Any CPU
		{C67ED37F-64BF-4E99-8F99-1CDB16646C17}.Ad-Hoc|Any CPU.ActiveCfg = Release|Any CPU
		{C67ED37F-64BF-4E99-8F99-1CDB16646C17}.Ad-Hoc|Any CPU.Build.0 = Release|Any CPU
		{C67ED37F-64BF-4E99-8F99-1CDB16646C17}.Ad-Hoc|ARM.ActiveCfg = Release|Any CPU
		{C67ED37F-64BF-4E99-8F99-1CDB16646C17}.Ad-Hoc|ARM.Build.0 = Release|Any CPU
		{C67ED37F-64BF-4E99-8F99-1CDB16646C17}.Ad-Hoc|iPhone.ActiveCfg = Release|Any CPU
		{C67ED37F-64BF-4E99-8F99-1CDB16646C17}.Ad-Hoc|iPhone.Build.0 = Release|Any CPU
		{C67ED37F-64BF-4E99-8F99-1CDB16646C17}.Ad-Hoc|iPhoneSimulator.ActiveCfg = Release|Any CPU
		{C67ED37F-64BF-4E99-8F99-1CDB16646C17}.Ad-Hoc|iPhoneSimulator.Build.0 = Release|Any CPU
		{C67ED37F-64BF-4E99-8F99-1CDB16646C17}.Ad-Hoc|x64.ActiveCfg = Release|Any CPU
		{C67ED37F-64BF-4E99-8F99-1CDB16646C17}.Ad-Hoc|x64.Build.0 = Release|Any CPU
		{C67ED37F-64BF-4E99-8F99-1CDB16646C17}.Ad-Hoc|x86.ActiveCfg = Release|Any CPU
		{C67ED37F-64BF-4E99-8F99-1CDB16646C17}.Ad-Hoc|x86.Build.0 = Release|Any CPU
		{C67ED37F-64BF-4E99-8F99-1CDB16646C17}.AppStore|Any CPU.ActiveCfg = Release|Any CPU
		{C67ED37F-64BF-4E99-8F99-1CDB16646C17}.AppStore|Any CPU.Build.0 = Release|Any CPU
		{C67ED37F-64BF-4E99-8F99-1CDB16646C17}.AppStore|ARM.ActiveCfg = Release|Any CPU
		{C67ED37F-64BF-4E99-8F99-1CDB16646C17}.AppStore|ARM.Build.0 = Release|Any CPU
		{C67ED37F-64BF-4E99-8F99-1CDB16646C17}.AppStore|iPhone.ActiveCfg = Release|Any CPU
		{C67ED37F-64BF-4E99-8F99-1CDB16646C17}.AppStore|iPhone.Build.0 = Release|Any CPU
		{C67ED37F-64BF-4E99-8F99-1CDB16646C17}.AppStore|iPhoneSimulator.ActiveCfg = Release|Any CPU
		{C67ED37F-64BF-4E99-8F99-1CDB16646C17}.AppStore|iPhoneSimulator.Build.0 = Release|Any CPU
		{C67ED37F-64BF-4E99-8F99-1CDB16646C17}.AppStore|x64.ActiveCfg = Release|Any CPU
		{C67ED37F-64BF-4E99-8F99-1CDB16646C17}.AppStore|x64.Build.0 = Release|Any CPU
		{C67ED37F-64BF-4E99-8F99-1CDB16646C17}.AppStore|x86.ActiveCfg = Release|Any CPU
		{C67ED37F-64BF-4E99-8F99-1CDB16646C17}.AppStore|x86.Build.0 = Release|Any CPU
		{C67ED37F-64BF-4E99-8F99-1CDB16646C17}.Debug|Any CPU.ActiveCfg = Debug|Any CPU
		{C67ED37F-64BF-4E99-8F99-1CDB16646C17}.Debug|Any CPU.Build.0 = Debug|Any CPU
		{C67ED37F-64BF-4E99-8F99-1CDB16646C17}.Debug|ARM.ActiveCfg = Debug|Any CPU
		{C67ED37F-64BF-4E99-8F99-1CDB16646C17}.Debug|ARM.Build.0 = Debug|Any CPU
		{C67ED37F-64BF-4E99-8F99-1CDB16646C17}.Debug|iPhone.ActiveCfg = Debug|Any CPU
		{C67ED37F-64BF-4E99-8F99-1CDB16646C17}.Debug|iPhone.Build.0 = Debug|Any CPU
		{C67ED37F-64BF-4E99-8F99-1CDB16646C17}.Debug|iPhoneSimulator.ActiveCfg = Debug|Any CPU
		{C67ED37F-64BF-4E99-8F99-1CDB16646C17}.Debug|iPhoneSimulator.Build.0 = Debug|Any CPU
		{C67ED37F-64BF-4E99-8F99-1CDB16646C17}.Debug|x64.ActiveCfg = Debug|Any CPU
		{C67ED37F-64BF-4E99-8F99-1CDB16646C17}.Debug|x64.Build.0 = Debug|Any CPU
		{C67ED37F-64BF-4E99-8F99-1CDB16646C17}.Debug|x86.ActiveCfg = Debug|Any CPU
		{C67ED37F-64BF-4E99-8F99-1CDB16646C17}.Debug|x86.Build.0 = Debug|Any CPU
		{C67ED37F-64BF-4E99-8F99-1CDB16646C17}.Release|Any CPU.ActiveCfg = Release|Any CPU
		{C67ED37F-64BF-4E99-8F99-1CDB16646C17}.Release|Any CPU.Build.0 = Release|Any CPU
		{C67ED37F-64BF-4E99-8F99-1CDB16646C17}.Release|ARM.ActiveCfg = Release|Any CPU
		{C67ED37F-64BF-4E99-8F99-1CDB16646C17}.Release|ARM.Build.0 = Release|Any CPU
		{C67ED37F-64BF-4E99-8F99-1CDB16646C17}.Release|iPhone.ActiveCfg = Release|Any CPU
		{C67ED37F-64BF-4E99-8F99-1CDB16646C17}.Release|iPhone.Build.0 = Release|Any CPU
		{C67ED37F-64BF-4E99-8F99-1CDB16646C17}.Release|iPhoneSimulator.ActiveCfg = Release|Any CPU
		{C67ED37F-64BF-4E99-8F99-1CDB16646C17}.Release|iPhoneSimulator.Build.0 = Release|Any CPU
		{C67ED37F-64BF-4E99-8F99-1CDB16646C17}.Release|x64.ActiveCfg = Release|Any CPU
		{C67ED37F-64BF-4E99-8F99-1CDB16646C17}.Release|x64.Build.0 = Release|Any CPU
		{C67ED37F-64BF-4E99-8F99-1CDB16646C17}.Release|x86.ActiveCfg = Release|Any CPU
		{C67ED37F-64BF-4E99-8F99-1CDB16646C17}.Release|x86.Build.0 = Release|Any CPU
		{E3F16C05-2D32-4A25-BB01-97DB440A7326}.Ad-Hoc|Any CPU.ActiveCfg = Release|Any CPU
		{E3F16C05-2D32-4A25-BB01-97DB440A7326}.Ad-Hoc|Any CPU.Build.0 = Release|Any CPU
		{E3F16C05-2D32-4A25-BB01-97DB440A7326}.Ad-Hoc|ARM.ActiveCfg = Release|Any CPU
		{E3F16C05-2D32-4A25-BB01-97DB440A7326}.Ad-Hoc|ARM.Build.0 = Release|Any CPU
		{E3F16C05-2D32-4A25-BB01-97DB440A7326}.Ad-Hoc|iPhone.ActiveCfg = Release|Any CPU
		{E3F16C05-2D32-4A25-BB01-97DB440A7326}.Ad-Hoc|iPhone.Build.0 = Release|Any CPU
		{E3F16C05-2D32-4A25-BB01-97DB440A7326}.Ad-Hoc|iPhoneSimulator.ActiveCfg = Release|Any CPU
		{E3F16C05-2D32-4A25-BB01-97DB440A7326}.Ad-Hoc|iPhoneSimulator.Build.0 = Release|Any CPU
		{E3F16C05-2D32-4A25-BB01-97DB440A7326}.Ad-Hoc|x64.ActiveCfg = Release|Any CPU
		{E3F16C05-2D32-4A25-BB01-97DB440A7326}.Ad-Hoc|x64.Build.0 = Release|Any CPU
		{E3F16C05-2D32-4A25-BB01-97DB440A7326}.Ad-Hoc|x86.ActiveCfg = Release|Any CPU
		{E3F16C05-2D32-4A25-BB01-97DB440A7326}.Ad-Hoc|x86.Build.0 = Release|Any CPU
		{E3F16C05-2D32-4A25-BB01-97DB440A7326}.AppStore|Any CPU.ActiveCfg = Release|Any CPU
		{E3F16C05-2D32-4A25-BB01-97DB440A7326}.AppStore|Any CPU.Build.0 = Release|Any CPU
		{E3F16C05-2D32-4A25-BB01-97DB440A7326}.AppStore|ARM.ActiveCfg = Release|Any CPU
		{E3F16C05-2D32-4A25-BB01-97DB440A7326}.AppStore|ARM.Build.0 = Release|Any CPU
		{E3F16C05-2D32-4A25-BB01-97DB440A7326}.AppStore|iPhone.ActiveCfg = Release|Any CPU
		{E3F16C05-2D32-4A25-BB01-97DB440A7326}.AppStore|iPhone.Build.0 = Release|Any CPU
		{E3F16C05-2D32-4A25-BB01-97DB440A7326}.AppStore|iPhoneSimulator.ActiveCfg = Release|Any CPU
		{E3F16C05-2D32-4A25-BB01-97DB440A7326}.AppStore|iPhoneSimulator.Build.0 = Release|Any CPU
		{E3F16C05-2D32-4A25-BB01-97DB440A7326}.AppStore|x64.ActiveCfg = Release|Any CPU
		{E3F16C05-2D32-4A25-BB01-97DB440A7326}.AppStore|x64.Build.0 = Release|Any CPU
		{E3F16C05-2D32-4A25-BB01-97DB440A7326}.AppStore|x86.ActiveCfg = Release|Any CPU
		{E3F16C05-2D32-4A25-BB01-97DB440A7326}.AppStore|x86.Build.0 = Release|Any CPU
		{E3F16C05-2D32-4A25-BB01-97DB440A7326}.Debug|Any CPU.ActiveCfg = Debug|Any CPU
		{E3F16C05-2D32-4A25-BB01-97DB440A7326}.Debug|Any CPU.Build.0 = Debug|Any CPU
		{E3F16C05-2D32-4A25-BB01-97DB440A7326}.Debug|ARM.ActiveCfg = Debug|Any CPU
		{E3F16C05-2D32-4A25-BB01-97DB440A7326}.Debug|ARM.Build.0 = Debug|Any CPU
		{E3F16C05-2D32-4A25-BB01-97DB440A7326}.Debug|iPhone.ActiveCfg = Debug|Any CPU
		{E3F16C05-2D32-4A25-BB01-97DB440A7326}.Debug|iPhone.Build.0 = Debug|Any CPU
		{E3F16C05-2D32-4A25-BB01-97DB440A7326}.Debug|iPhoneSimulator.ActiveCfg = Debug|Any CPU
		{E3F16C05-2D32-4A25-BB01-97DB440A7326}.Debug|iPhoneSimulator.Build.0 = Debug|Any CPU
		{E3F16C05-2D32-4A25-BB01-97DB440A7326}.Debug|x64.ActiveCfg = Debug|Any CPU
		{E3F16C05-2D32-4A25-BB01-97DB440A7326}.Debug|x64.Build.0 = Debug|Any CPU
		{E3F16C05-2D32-4A25-BB01-97DB440A7326}.Debug|x86.ActiveCfg = Debug|Any CPU
		{E3F16C05-2D32-4A25-BB01-97DB440A7326}.Debug|x86.Build.0 = Debug|Any CPU
		{E3F16C05-2D32-4A25-BB01-97DB440A7326}.Release|Any CPU.ActiveCfg = Release|Any CPU
		{E3F16C05-2D32-4A25-BB01-97DB440A7326}.Release|Any CPU.Build.0 = Release|Any CPU
		{E3F16C05-2D32-4A25-BB01-97DB440A7326}.Release|ARM.ActiveCfg = Release|Any CPU
		{E3F16C05-2D32-4A25-BB01-97DB440A7326}.Release|ARM.Build.0 = Release|Any CPU
		{E3F16C05-2D32-4A25-BB01-97DB440A7326}.Release|iPhone.ActiveCfg = Release|Any CPU
		{E3F16C05-2D32-4A25-BB01-97DB440A7326}.Release|iPhone.Build.0 = Release|Any CPU
		{E3F16C05-2D32-4A25-BB01-97DB440A7326}.Release|iPhoneSimulator.ActiveCfg = Release|Any CPU
		{E3F16C05-2D32-4A25-BB01-97DB440A7326}.Release|iPhoneSimulator.Build.0 = Release|Any CPU
		{E3F16C05-2D32-4A25-BB01-97DB440A7326}.Release|x64.ActiveCfg = Release|Any CPU
		{E3F16C05-2D32-4A25-BB01-97DB440A7326}.Release|x64.Build.0 = Release|Any CPU
		{E3F16C05-2D32-4A25-BB01-97DB440A7326}.Release|x86.ActiveCfg = Release|Any CPU
		{E3F16C05-2D32-4A25-BB01-97DB440A7326}.Release|x86.Build.0 = Release|Any CPU
		{C9468A5A-8353-4411-AD76-53ED84614BED}.Ad-Hoc|Any CPU.ActiveCfg = Release|Any CPU
		{C9468A5A-8353-4411-AD76-53ED84614BED}.Ad-Hoc|Any CPU.Build.0 = Release|Any CPU
		{C9468A5A-8353-4411-AD76-53ED84614BED}.Ad-Hoc|Any CPU.Deploy.0 = Release|Any CPU
		{C9468A5A-8353-4411-AD76-53ED84614BED}.Ad-Hoc|ARM.ActiveCfg = Release|Any CPU
		{C9468A5A-8353-4411-AD76-53ED84614BED}.Ad-Hoc|ARM.Build.0 = Release|Any CPU
		{C9468A5A-8353-4411-AD76-53ED84614BED}.Ad-Hoc|ARM.Deploy.0 = Release|Any CPU
		{C9468A5A-8353-4411-AD76-53ED84614BED}.Ad-Hoc|iPhone.ActiveCfg = Release|Any CPU
		{C9468A5A-8353-4411-AD76-53ED84614BED}.Ad-Hoc|iPhone.Build.0 = Release|Any CPU
		{C9468A5A-8353-4411-AD76-53ED84614BED}.Ad-Hoc|iPhone.Deploy.0 = Release|Any CPU
		{C9468A5A-8353-4411-AD76-53ED84614BED}.Ad-Hoc|iPhoneSimulator.ActiveCfg = Release|Any CPU
		{C9468A5A-8353-4411-AD76-53ED84614BED}.Ad-Hoc|iPhoneSimulator.Build.0 = Release|Any CPU
		{C9468A5A-8353-4411-AD76-53ED84614BED}.Ad-Hoc|iPhoneSimulator.Deploy.0 = Release|Any CPU
		{C9468A5A-8353-4411-AD76-53ED84614BED}.Ad-Hoc|x64.ActiveCfg = Release|Any CPU
		{C9468A5A-8353-4411-AD76-53ED84614BED}.Ad-Hoc|x64.Build.0 = Release|Any CPU
		{C9468A5A-8353-4411-AD76-53ED84614BED}.Ad-Hoc|x64.Deploy.0 = Release|Any CPU
		{C9468A5A-8353-4411-AD76-53ED84614BED}.Ad-Hoc|x86.ActiveCfg = Release|Any CPU
		{C9468A5A-8353-4411-AD76-53ED84614BED}.Ad-Hoc|x86.Build.0 = Release|Any CPU
		{C9468A5A-8353-4411-AD76-53ED84614BED}.Ad-Hoc|x86.Deploy.0 = Release|Any CPU
		{C9468A5A-8353-4411-AD76-53ED84614BED}.AppStore|Any CPU.ActiveCfg = Release|Any CPU
		{C9468A5A-8353-4411-AD76-53ED84614BED}.AppStore|Any CPU.Build.0 = Release|Any CPU
		{C9468A5A-8353-4411-AD76-53ED84614BED}.AppStore|Any CPU.Deploy.0 = Release|Any CPU
		{C9468A5A-8353-4411-AD76-53ED84614BED}.AppStore|ARM.ActiveCfg = Release|Any CPU
		{C9468A5A-8353-4411-AD76-53ED84614BED}.AppStore|ARM.Build.0 = Release|Any CPU
		{C9468A5A-8353-4411-AD76-53ED84614BED}.AppStore|ARM.Deploy.0 = Release|Any CPU
		{C9468A5A-8353-4411-AD76-53ED84614BED}.AppStore|iPhone.ActiveCfg = Release|Any CPU
		{C9468A5A-8353-4411-AD76-53ED84614BED}.AppStore|iPhone.Build.0 = Release|Any CPU
		{C9468A5A-8353-4411-AD76-53ED84614BED}.AppStore|iPhone.Deploy.0 = Release|Any CPU
		{C9468A5A-8353-4411-AD76-53ED84614BED}.AppStore|iPhoneSimulator.ActiveCfg = Release|Any CPU
		{C9468A5A-8353-4411-AD76-53ED84614BED}.AppStore|iPhoneSimulator.Build.0 = Release|Any CPU
		{C9468A5A-8353-4411-AD76-53ED84614BED}.AppStore|iPhoneSimulator.Deploy.0 = Release|Any CPU
		{C9468A5A-8353-4411-AD76-53ED84614BED}.AppStore|x64.ActiveCfg = Release|Any CPU
		{C9468A5A-8353-4411-AD76-53ED84614BED}.AppStore|x64.Build.0 = Release|Any CPU
		{C9468A5A-8353-4411-AD76-53ED84614BED}.AppStore|x64.Deploy.0 = Release|Any CPU
		{C9468A5A-8353-4411-AD76-53ED84614BED}.AppStore|x86.ActiveCfg = Release|Any CPU
		{C9468A5A-8353-4411-AD76-53ED84614BED}.AppStore|x86.Build.0 = Release|Any CPU
		{C9468A5A-8353-4411-AD76-53ED84614BED}.AppStore|x86.Deploy.0 = Release|Any CPU
		{C9468A5A-8353-4411-AD76-53ED84614BED}.Debug|Any CPU.ActiveCfg = Debug|Any CPU
		{C9468A5A-8353-4411-AD76-53ED84614BED}.Debug|Any CPU.Build.0 = Debug|Any CPU
		{C9468A5A-8353-4411-AD76-53ED84614BED}.Debug|Any CPU.Deploy.0 = Debug|Any CPU
		{C9468A5A-8353-4411-AD76-53ED84614BED}.Debug|ARM.ActiveCfg = Debug|Any CPU
		{C9468A5A-8353-4411-AD76-53ED84614BED}.Debug|ARM.Build.0 = Debug|Any CPU
		{C9468A5A-8353-4411-AD76-53ED84614BED}.Debug|ARM.Deploy.0 = Debug|Any CPU
		{C9468A5A-8353-4411-AD76-53ED84614BED}.Debug|iPhone.ActiveCfg = Debug|Any CPU
		{C9468A5A-8353-4411-AD76-53ED84614BED}.Debug|iPhone.Build.0 = Debug|Any CPU
		{C9468A5A-8353-4411-AD76-53ED84614BED}.Debug|iPhone.Deploy.0 = Debug|Any CPU
		{C9468A5A-8353-4411-AD76-53ED84614BED}.Debug|iPhoneSimulator.ActiveCfg = Debug|Any CPU
		{C9468A5A-8353-4411-AD76-53ED84614BED}.Debug|iPhoneSimulator.Build.0 = Debug|Any CPU
		{C9468A5A-8353-4411-AD76-53ED84614BED}.Debug|iPhoneSimulator.Deploy.0 = Debug|Any CPU
		{C9468A5A-8353-4411-AD76-53ED84614BED}.Debug|x64.ActiveCfg = Debug|Any CPU
		{C9468A5A-8353-4411-AD76-53ED84614BED}.Debug|x64.Build.0 = Debug|Any CPU
		{C9468A5A-8353-4411-AD76-53ED84614BED}.Debug|x64.Deploy.0 = Debug|Any CPU
		{C9468A5A-8353-4411-AD76-53ED84614BED}.Debug|x86.ActiveCfg = Debug|Any CPU
		{C9468A5A-8353-4411-AD76-53ED84614BED}.Debug|x86.Build.0 = Debug|Any CPU
		{C9468A5A-8353-4411-AD76-53ED84614BED}.Debug|x86.Deploy.0 = Debug|Any CPU
		{C9468A5A-8353-4411-AD76-53ED84614BED}.Release|Any CPU.ActiveCfg = Release|Any CPU
		{C9468A5A-8353-4411-AD76-53ED84614BED}.Release|Any CPU.Build.0 = Release|Any CPU
		{C9468A5A-8353-4411-AD76-53ED84614BED}.Release|Any CPU.Deploy.0 = Release|Any CPU
		{C9468A5A-8353-4411-AD76-53ED84614BED}.Release|ARM.ActiveCfg = Release|Any CPU
		{C9468A5A-8353-4411-AD76-53ED84614BED}.Release|ARM.Build.0 = Release|Any CPU
		{C9468A5A-8353-4411-AD76-53ED84614BED}.Release|ARM.Deploy.0 = Release|Any CPU
		{C9468A5A-8353-4411-AD76-53ED84614BED}.Release|iPhone.ActiveCfg = Release|Any CPU
		{C9468A5A-8353-4411-AD76-53ED84614BED}.Release|iPhone.Build.0 = Release|Any CPU
		{C9468A5A-8353-4411-AD76-53ED84614BED}.Release|iPhone.Deploy.0 = Release|Any CPU
		{C9468A5A-8353-4411-AD76-53ED84614BED}.Release|iPhoneSimulator.ActiveCfg = Release|Any CPU
		{C9468A5A-8353-4411-AD76-53ED84614BED}.Release|iPhoneSimulator.Build.0 = Release|Any CPU
		{C9468A5A-8353-4411-AD76-53ED84614BED}.Release|iPhoneSimulator.Deploy.0 = Release|Any CPU
		{C9468A5A-8353-4411-AD76-53ED84614BED}.Release|x64.ActiveCfg = Release|Any CPU
		{C9468A5A-8353-4411-AD76-53ED84614BED}.Release|x64.Build.0 = Release|Any CPU
		{C9468A5A-8353-4411-AD76-53ED84614BED}.Release|x64.Deploy.0 = Release|Any CPU
		{C9468A5A-8353-4411-AD76-53ED84614BED}.Release|x86.ActiveCfg = Release|Any CPU
		{C9468A5A-8353-4411-AD76-53ED84614BED}.Release|x86.Build.0 = Release|Any CPU
		{C9468A5A-8353-4411-AD76-53ED84614BED}.Release|x86.Deploy.0 = Release|Any CPU
		{55E409DC-84C0-4AB5-8E92-E644F5CAB85B}.Ad-Hoc|Any CPU.ActiveCfg = Release|x64
		{55E409DC-84C0-4AB5-8E92-E644F5CAB85B}.Ad-Hoc|Any CPU.Build.0 = Release|x64
		{55E409DC-84C0-4AB5-8E92-E644F5CAB85B}.Ad-Hoc|Any CPU.Deploy.0 = Release|x64
		{55E409DC-84C0-4AB5-8E92-E644F5CAB85B}.Ad-Hoc|ARM.ActiveCfg = Release|ARM
		{55E409DC-84C0-4AB5-8E92-E644F5CAB85B}.Ad-Hoc|ARM.Build.0 = Release|ARM
		{55E409DC-84C0-4AB5-8E92-E644F5CAB85B}.Ad-Hoc|ARM.Deploy.0 = Release|ARM
		{55E409DC-84C0-4AB5-8E92-E644F5CAB85B}.Ad-Hoc|iPhone.ActiveCfg = Release|x64
		{55E409DC-84C0-4AB5-8E92-E644F5CAB85B}.Ad-Hoc|iPhone.Build.0 = Release|x64
		{55E409DC-84C0-4AB5-8E92-E644F5CAB85B}.Ad-Hoc|iPhone.Deploy.0 = Release|x64
		{55E409DC-84C0-4AB5-8E92-E644F5CAB85B}.Ad-Hoc|iPhoneSimulator.ActiveCfg = Release|x64
		{55E409DC-84C0-4AB5-8E92-E644F5CAB85B}.Ad-Hoc|iPhoneSimulator.Build.0 = Release|x64
		{55E409DC-84C0-4AB5-8E92-E644F5CAB85B}.Ad-Hoc|iPhoneSimulator.Deploy.0 = Release|x64
		{55E409DC-84C0-4AB5-8E92-E644F5CAB85B}.Ad-Hoc|x64.ActiveCfg = Release|x64
		{55E409DC-84C0-4AB5-8E92-E644F5CAB85B}.Ad-Hoc|x64.Build.0 = Release|x64
		{55E409DC-84C0-4AB5-8E92-E644F5CAB85B}.Ad-Hoc|x64.Deploy.0 = Release|x64
		{55E409DC-84C0-4AB5-8E92-E644F5CAB85B}.Ad-Hoc|x86.ActiveCfg = Release|x86
		{55E409DC-84C0-4AB5-8E92-E644F5CAB85B}.Ad-Hoc|x86.Build.0 = Release|x86
		{55E409DC-84C0-4AB5-8E92-E644F5CAB85B}.Ad-Hoc|x86.Deploy.0 = Release|x86
		{55E409DC-84C0-4AB5-8E92-E644F5CAB85B}.AppStore|Any CPU.ActiveCfg = Release|x64
		{55E409DC-84C0-4AB5-8E92-E644F5CAB85B}.AppStore|Any CPU.Build.0 = Release|x64
		{55E409DC-84C0-4AB5-8E92-E644F5CAB85B}.AppStore|Any CPU.Deploy.0 = Release|x64
		{55E409DC-84C0-4AB5-8E92-E644F5CAB85B}.AppStore|ARM.ActiveCfg = Release|ARM
		{55E409DC-84C0-4AB5-8E92-E644F5CAB85B}.AppStore|ARM.Build.0 = Release|ARM
		{55E409DC-84C0-4AB5-8E92-E644F5CAB85B}.AppStore|ARM.Deploy.0 = Release|ARM
		{55E409DC-84C0-4AB5-8E92-E644F5CAB85B}.AppStore|iPhone.ActiveCfg = Release|x64
		{55E409DC-84C0-4AB5-8E92-E644F5CAB85B}.AppStore|iPhone.Build.0 = Release|x64
		{55E409DC-84C0-4AB5-8E92-E644F5CAB85B}.AppStore|iPhone.Deploy.0 = Release|x64
		{55E409DC-84C0-4AB5-8E92-E644F5CAB85B}.AppStore|iPhoneSimulator.ActiveCfg = Release|x64
		{55E409DC-84C0-4AB5-8E92-E644F5CAB85B}.AppStore|iPhoneSimulator.Build.0 = Release|x64
		{55E409DC-84C0-4AB5-8E92-E644F5CAB85B}.AppStore|iPhoneSimulator.Deploy.0 = Release|x64
		{55E409DC-84C0-4AB5-8E92-E644F5CAB85B}.AppStore|x64.ActiveCfg = Release|x64
		{55E409DC-84C0-4AB5-8E92-E644F5CAB85B}.AppStore|x64.Build.0 = Release|x64
		{55E409DC-84C0-4AB5-8E92-E644F5CAB85B}.AppStore|x64.Deploy.0 = Release|x64
		{55E409DC-84C0-4AB5-8E92-E644F5CAB85B}.AppStore|x86.ActiveCfg = Release|x86
		{55E409DC-84C0-4AB5-8E92-E644F5CAB85B}.AppStore|x86.Build.0 = Release|x86
		{55E409DC-84C0-4AB5-8E92-E644F5CAB85B}.AppStore|x86.Deploy.0 = Release|x86
		{55E409DC-84C0-4AB5-8E92-E644F5CAB85B}.Debug|Any CPU.ActiveCfg = Debug|x86
		{55E409DC-84C0-4AB5-8E92-E644F5CAB85B}.Debug|ARM.ActiveCfg = Debug|ARM
		{55E409DC-84C0-4AB5-8E92-E644F5CAB85B}.Debug|ARM.Build.0 = Debug|ARM
		{55E409DC-84C0-4AB5-8E92-E644F5CAB85B}.Debug|ARM.Deploy.0 = Debug|ARM
		{55E409DC-84C0-4AB5-8E92-E644F5CAB85B}.Debug|iPhone.ActiveCfg = Debug|x86
		{55E409DC-84C0-4AB5-8E92-E644F5CAB85B}.Debug|iPhoneSimulator.ActiveCfg = Debug|x86
		{55E409DC-84C0-4AB5-8E92-E644F5CAB85B}.Debug|x64.ActiveCfg = Debug|x64
		{55E409DC-84C0-4AB5-8E92-E644F5CAB85B}.Debug|x64.Build.0 = Debug|x64
		{55E409DC-84C0-4AB5-8E92-E644F5CAB85B}.Debug|x64.Deploy.0 = Debug|x64
		{55E409DC-84C0-4AB5-8E92-E644F5CAB85B}.Debug|x86.ActiveCfg = Debug|x86
		{55E409DC-84C0-4AB5-8E92-E644F5CAB85B}.Debug|x86.Build.0 = Debug|x86
		{55E409DC-84C0-4AB5-8E92-E644F5CAB85B}.Debug|x86.Deploy.0 = Debug|x86
		{55E409DC-84C0-4AB5-8E92-E644F5CAB85B}.Release|Any CPU.ActiveCfg = Release|x86
		{55E409DC-84C0-4AB5-8E92-E644F5CAB85B}.Release|ARM.ActiveCfg = Release|ARM
		{55E409DC-84C0-4AB5-8E92-E644F5CAB85B}.Release|ARM.Build.0 = Release|ARM
		{55E409DC-84C0-4AB5-8E92-E644F5CAB85B}.Release|ARM.Deploy.0 = Release|ARM
		{55E409DC-84C0-4AB5-8E92-E644F5CAB85B}.Release|iPhone.ActiveCfg = Release|x86
		{55E409DC-84C0-4AB5-8E92-E644F5CAB85B}.Release|iPhoneSimulator.ActiveCfg = Release|x86
		{55E409DC-84C0-4AB5-8E92-E644F5CAB85B}.Release|x64.ActiveCfg = Release|x64
		{55E409DC-84C0-4AB5-8E92-E644F5CAB85B}.Release|x64.Build.0 = Release|x64
		{55E409DC-84C0-4AB5-8E92-E644F5CAB85B}.Release|x64.Deploy.0 = Release|x64
		{55E409DC-84C0-4AB5-8E92-E644F5CAB85B}.Release|x86.ActiveCfg = Release|x86
		{55E409DC-84C0-4AB5-8E92-E644F5CAB85B}.Release|x86.Build.0 = Release|x86
		{55E409DC-84C0-4AB5-8E92-E644F5CAB85B}.Release|x86.Deploy.0 = Release|x86
		{B6BE5D85-AD0B-4F19-AEBB-8091C6104978}.Ad-Hoc|Any CPU.ActiveCfg = Release|Any CPU
		{B6BE5D85-AD0B-4F19-AEBB-8091C6104978}.Ad-Hoc|Any CPU.Build.0 = Release|Any CPU
		{B6BE5D85-AD0B-4F19-AEBB-8091C6104978}.Ad-Hoc|ARM.ActiveCfg = Release|Any CPU
		{B6BE5D85-AD0B-4F19-AEBB-8091C6104978}.Ad-Hoc|ARM.Build.0 = Release|Any CPU
		{B6BE5D85-AD0B-4F19-AEBB-8091C6104978}.Ad-Hoc|iPhone.ActiveCfg = Release|Any CPU
		{B6BE5D85-AD0B-4F19-AEBB-8091C6104978}.Ad-Hoc|iPhone.Build.0 = Release|Any CPU
		{B6BE5D85-AD0B-4F19-AEBB-8091C6104978}.Ad-Hoc|iPhoneSimulator.ActiveCfg = Release|Any CPU
		{B6BE5D85-AD0B-4F19-AEBB-8091C6104978}.Ad-Hoc|iPhoneSimulator.Build.0 = Release|Any CPU
		{B6BE5D85-AD0B-4F19-AEBB-8091C6104978}.Ad-Hoc|x64.ActiveCfg = Release|Any CPU
		{B6BE5D85-AD0B-4F19-AEBB-8091C6104978}.Ad-Hoc|x64.Build.0 = Release|Any CPU
		{B6BE5D85-AD0B-4F19-AEBB-8091C6104978}.Ad-Hoc|x86.ActiveCfg = Release|Any CPU
		{B6BE5D85-AD0B-4F19-AEBB-8091C6104978}.Ad-Hoc|x86.Build.0 = Release|Any CPU
		{B6BE5D85-AD0B-4F19-AEBB-8091C6104978}.AppStore|Any CPU.ActiveCfg = Release|Any CPU
		{B6BE5D85-AD0B-4F19-AEBB-8091C6104978}.AppStore|Any CPU.Build.0 = Release|Any CPU
		{B6BE5D85-AD0B-4F19-AEBB-8091C6104978}.AppStore|ARM.ActiveCfg = Release|Any CPU
		{B6BE5D85-AD0B-4F19-AEBB-8091C6104978}.AppStore|ARM.Build.0 = Release|Any CPU
		{B6BE5D85-AD0B-4F19-AEBB-8091C6104978}.AppStore|iPhone.ActiveCfg = Release|Any CPU
		{B6BE5D85-AD0B-4F19-AEBB-8091C6104978}.AppStore|iPhone.Build.0 = Release|Any CPU
		{B6BE5D85-AD0B-4F19-AEBB-8091C6104978}.AppStore|iPhoneSimulator.ActiveCfg = Release|Any CPU
		{B6BE5D85-AD0B-4F19-AEBB-8091C6104978}.AppStore|iPhoneSimulator.Build.0 = Release|Any CPU
		{B6BE5D85-AD0B-4F19-AEBB-8091C6104978}.AppStore|x64.ActiveCfg = Release|Any CPU
		{B6BE5D85-AD0B-4F19-AEBB-8091C6104978}.AppStore|x64.Build.0 = Release|Any CPU
		{B6BE5D85-AD0B-4F19-AEBB-8091C6104978}.AppStore|x86.ActiveCfg = Release|Any CPU
		{B6BE5D85-AD0B-4F19-AEBB-8091C6104978}.AppStore|x86.Build.0 = Release|Any CPU
		{B6BE5D85-AD0B-4F19-AEBB-8091C6104978}.Debug|Any CPU.ActiveCfg = Debug|Any CPU
		{B6BE5D85-AD0B-4F19-AEBB-8091C6104978}.Debug|Any CPU.Build.0 = Debug|Any CPU
		{B6BE5D85-AD0B-4F19-AEBB-8091C6104978}.Debug|ARM.ActiveCfg = Debug|Any CPU
		{B6BE5D85-AD0B-4F19-AEBB-8091C6104978}.Debug|ARM.Build.0 = Debug|Any CPU
		{B6BE5D85-AD0B-4F19-AEBB-8091C6104978}.Debug|iPhone.ActiveCfg = Debug|Any CPU
		{B6BE5D85-AD0B-4F19-AEBB-8091C6104978}.Debug|iPhone.Build.0 = Debug|Any CPU
		{B6BE5D85-AD0B-4F19-AEBB-8091C6104978}.Debug|iPhoneSimulator.ActiveCfg = Debug|Any CPU
		{B6BE5D85-AD0B-4F19-AEBB-8091C6104978}.Debug|iPhoneSimulator.Build.0 = Debug|Any CPU
		{B6BE5D85-AD0B-4F19-AEBB-8091C6104978}.Debug|x64.ActiveCfg = Debug|Any CPU
		{B6BE5D85-AD0B-4F19-AEBB-8091C6104978}.Debug|x64.Build.0 = Debug|Any CPU
		{B6BE5D85-AD0B-4F19-AEBB-8091C6104978}.Debug|x86.ActiveCfg = Debug|Any CPU
		{B6BE5D85-AD0B-4F19-AEBB-8091C6104978}.Debug|x86.Build.0 = Debug|Any CPU
		{B6BE5D85-AD0B-4F19-AEBB-8091C6104978}.Release|Any CPU.ActiveCfg = Release|Any CPU
		{B6BE5D85-AD0B-4F19-AEBB-8091C6104978}.Release|Any CPU.Build.0 = Release|Any CPU
		{B6BE5D85-AD0B-4F19-AEBB-8091C6104978}.Release|ARM.ActiveCfg = Release|Any CPU
		{B6BE5D85-AD0B-4F19-AEBB-8091C6104978}.Release|ARM.Build.0 = Release|Any CPU
		{B6BE5D85-AD0B-4F19-AEBB-8091C6104978}.Release|iPhone.ActiveCfg = Release|Any CPU
		{B6BE5D85-AD0B-4F19-AEBB-8091C6104978}.Release|iPhone.Build.0 = Release|Any CPU
		{B6BE5D85-AD0B-4F19-AEBB-8091C6104978}.Release|iPhoneSimulator.ActiveCfg = Release|Any CPU
		{B6BE5D85-AD0B-4F19-AEBB-8091C6104978}.Release|iPhoneSimulator.Build.0 = Release|Any CPU
		{B6BE5D85-AD0B-4F19-AEBB-8091C6104978}.Release|x64.ActiveCfg = Release|Any CPU
		{B6BE5D85-AD0B-4F19-AEBB-8091C6104978}.Release|x64.Build.0 = Release|Any CPU
		{B6BE5D85-AD0B-4F19-AEBB-8091C6104978}.Release|x86.ActiveCfg = Release|Any CPU
		{B6BE5D85-AD0B-4F19-AEBB-8091C6104978}.Release|x86.Build.0 = Release|Any CPU
		{2E2AD89F-7C14-43EC-A40D-9C1BE0D5586E}.Ad-Hoc|Any CPU.ActiveCfg = Release|Any CPU
		{2E2AD89F-7C14-43EC-A40D-9C1BE0D5586E}.Ad-Hoc|Any CPU.Build.0 = Release|Any CPU
		{2E2AD89F-7C14-43EC-A40D-9C1BE0D5586E}.Ad-Hoc|ARM.ActiveCfg = Release|Any CPU
		{2E2AD89F-7C14-43EC-A40D-9C1BE0D5586E}.Ad-Hoc|ARM.Build.0 = Release|Any CPU
		{2E2AD89F-7C14-43EC-A40D-9C1BE0D5586E}.Ad-Hoc|iPhone.ActiveCfg = Release|Any CPU
		{2E2AD89F-7C14-43EC-A40D-9C1BE0D5586E}.Ad-Hoc|iPhone.Build.0 = Release|Any CPU
		{2E2AD89F-7C14-43EC-A40D-9C1BE0D5586E}.Ad-Hoc|iPhoneSimulator.ActiveCfg = Release|Any CPU
		{2E2AD89F-7C14-43EC-A40D-9C1BE0D5586E}.Ad-Hoc|iPhoneSimulator.Build.0 = Release|Any CPU
		{2E2AD89F-7C14-43EC-A40D-9C1BE0D5586E}.Ad-Hoc|x64.ActiveCfg = Release|Any CPU
		{2E2AD89F-7C14-43EC-A40D-9C1BE0D5586E}.Ad-Hoc|x64.Build.0 = Release|Any CPU
		{2E2AD89F-7C14-43EC-A40D-9C1BE0D5586E}.Ad-Hoc|x86.ActiveCfg = Release|Any CPU
		{2E2AD89F-7C14-43EC-A40D-9C1BE0D5586E}.Ad-Hoc|x86.Build.0 = Release|Any CPU
		{2E2AD89F-7C14-43EC-A40D-9C1BE0D5586E}.AppStore|Any CPU.ActiveCfg = Release|Any CPU
		{2E2AD89F-7C14-43EC-A40D-9C1BE0D5586E}.AppStore|Any CPU.Build.0 = Release|Any CPU
		{2E2AD89F-7C14-43EC-A40D-9C1BE0D5586E}.AppStore|ARM.ActiveCfg = Release|Any CPU
		{2E2AD89F-7C14-43EC-A40D-9C1BE0D5586E}.AppStore|ARM.Build.0 = Release|Any CPU
		{2E2AD89F-7C14-43EC-A40D-9C1BE0D5586E}.AppStore|iPhone.ActiveCfg = Release|Any CPU
		{2E2AD89F-7C14-43EC-A40D-9C1BE0D5586E}.AppStore|iPhone.Build.0 = Release|Any CPU
		{2E2AD89F-7C14-43EC-A40D-9C1BE0D5586E}.AppStore|iPhoneSimulator.ActiveCfg = Release|Any CPU
		{2E2AD89F-7C14-43EC-A40D-9C1BE0D5586E}.AppStore|iPhoneSimulator.Build.0 = Release|Any CPU
		{2E2AD89F-7C14-43EC-A40D-9C1BE0D5586E}.AppStore|x64.ActiveCfg = Release|Any CPU
		{2E2AD89F-7C14-43EC-A40D-9C1BE0D5586E}.AppStore|x64.Build.0 = Release|Any CPU
		{2E2AD89F-7C14-43EC-A40D-9C1BE0D5586E}.AppStore|x86.ActiveCfg = Release|Any CPU
		{2E2AD89F-7C14-43EC-A40D-9C1BE0D5586E}.AppStore|x86.Build.0 = Release|Any CPU
		{2E2AD89F-7C14-43EC-A40D-9C1BE0D5586E}.Debug|Any CPU.ActiveCfg = Debug|Any CPU
		{2E2AD89F-7C14-43EC-A40D-9C1BE0D5586E}.Debug|Any CPU.Build.0 = Debug|Any CPU
		{2E2AD89F-7C14-43EC-A40D-9C1BE0D5586E}.Debug|ARM.ActiveCfg = Debug|Any CPU
		{2E2AD89F-7C14-43EC-A40D-9C1BE0D5586E}.Debug|ARM.Build.0 = Debug|Any CPU
		{2E2AD89F-7C14-43EC-A40D-9C1BE0D5586E}.Debug|iPhone.ActiveCfg = Debug|Any CPU
		{2E2AD89F-7C14-43EC-A40D-9C1BE0D5586E}.Debug|iPhone.Build.0 = Debug|Any CPU
		{2E2AD89F-7C14-43EC-A40D-9C1BE0D5586E}.Debug|iPhoneSimulator.ActiveCfg = Debug|Any CPU
		{2E2AD89F-7C14-43EC-A40D-9C1BE0D5586E}.Debug|iPhoneSimulator.Build.0 = Debug|Any CPU
		{2E2AD89F-7C14-43EC-A40D-9C1BE0D5586E}.Debug|x64.ActiveCfg = Debug|Any CPU
		{2E2AD89F-7C14-43EC-A40D-9C1BE0D5586E}.Debug|x64.Build.0 = Debug|Any CPU
		{2E2AD89F-7C14-43EC-A40D-9C1BE0D5586E}.Debug|x86.ActiveCfg = Debug|Any CPU
		{2E2AD89F-7C14-43EC-A40D-9C1BE0D5586E}.Debug|x86.Build.0 = Debug|Any CPU
		{2E2AD89F-7C14-43EC-A40D-9C1BE0D5586E}.Release|Any CPU.ActiveCfg = Release|Any CPU
		{2E2AD89F-7C14-43EC-A40D-9C1BE0D5586E}.Release|Any CPU.Build.0 = Release|Any CPU
		{2E2AD89F-7C14-43EC-A40D-9C1BE0D5586E}.Release|ARM.ActiveCfg = Release|Any CPU
		{2E2AD89F-7C14-43EC-A40D-9C1BE0D5586E}.Release|ARM.Build.0 = Release|Any CPU
		{2E2AD89F-7C14-43EC-A40D-9C1BE0D5586E}.Release|iPhone.ActiveCfg = Release|Any CPU
		{2E2AD89F-7C14-43EC-A40D-9C1BE0D5586E}.Release|iPhone.Build.0 = Release|Any CPU
		{2E2AD89F-7C14-43EC-A40D-9C1BE0D5586E}.Release|iPhoneSimulator.ActiveCfg = Release|Any CPU
		{2E2AD89F-7C14-43EC-A40D-9C1BE0D5586E}.Release|iPhoneSimulator.Build.0 = Release|Any CPU
		{2E2AD89F-7C14-43EC-A40D-9C1BE0D5586E}.Release|x64.ActiveCfg = Release|Any CPU
		{2E2AD89F-7C14-43EC-A40D-9C1BE0D5586E}.Release|x64.Build.0 = Release|Any CPU
		{2E2AD89F-7C14-43EC-A40D-9C1BE0D5586E}.Release|x86.ActiveCfg = Release|Any CPU
		{2E2AD89F-7C14-43EC-A40D-9C1BE0D5586E}.Release|x86.Build.0 = Release|Any CPU
	EndGlobalSection
	GlobalSection(SolutionProperties) = preSolution
		HideSolutionNode = FALSE
	EndGlobalSection
	GlobalSection(TeamFoundationVersionControl) = preSolution
		SccNumberOfProjects = 8
		SccEnterpriseProvider = {4CA58AB2-18FA-4F8D-95D4-32DDF27D184C}
		SccTeamFoundationServer = https://bluevisionsoftware.visualstudio.com/
		SccLocalPath0 = .
		SccProjectUniqueName1 = NetflixComplete.Droid\\NetflixComplete.Droid.csproj
		SccProjectName1 = NetflixComplete.Droid
		SccLocalPath1 = NetflixComplete.Droid
		SccProjectUniqueName2 = NetflixComplete.Portable\\NetflixComplete.Portable.csproj
		SccProjectName2 = NetflixComplete.Portable
		SccLocalPath2 = NetflixComplete.Portable
		SccProjectUniqueName3 = NetflixComplete.WindowsUniversal\\NetflixComplete.WindowsUniversal.csproj
		SccProjectName3 = NetflixComplete.WindowsUniversal
		SccLocalPath3 = NetflixComplete.WindowsUniversal
		SccProjectUniqueName4 = NetflixComplete\\NetflixComplete.DroidTV.csproj
		SccProjectName4 = NetflixComplete
		SccLocalPath4 = NetflixComplete
		SccProjectUniqueName5 = ..\\TvLeanback\\Picasso\\Picasso\\PicassoDroid.csproj
		SccProjectName5 = ../TvLeanback/Picasso/Picasso
		SccLocalPath5 = ..\\TvLeanback\\Picasso\\Picasso
		SccProjectUniqueName6 = ConsoleTest\\ConsoleTest.csproj
		SccProjectName6 = ConsoleTest
		SccLocalPath6 = ConsoleTest
		SccProjectUniqueName7 = NetflixComplete.WebApi\\NetflixComplete.WebApi.csproj
		SccProjectName7 = NetflixComplete.WebApi
		SccLocalPath7 = NetflixComplete.WebApi
	EndGlobalSection
EndGlobal
